// !$*UTF8*$!
{
	archiveVersion = 1;
	classes = {
	};
	objectVersion = 50;
	objects = {

/* Begin PBXBuildFile section */
		3D0E23A9224F1BF70047212A /* AppDelegate.swift in Sources */ = {isa = PBXBuildFile; fileRef = 3D0E23A8224F1BF70047212A /* AppDelegate.swift */; };
		3D0E23AB224F1BF70047212A /* ChecklistViewController.swift in Sources */ = {isa = PBXBuildFile; fileRef = 3D0E23AA224F1BF70047212A /* ChecklistViewController.swift */; };
		3D0E23AE224F1BF70047212A /* Main.storyboard in Resources */ = {isa = PBXBuildFile; fileRef = 3D0E23AC224F1BF70047212A /* Main.storyboard */; };
		3D0E23B0224F1BF80047212A /* Assets.xcassets in Resources */ = {isa = PBXBuildFile; fileRef = 3D0E23AF224F1BF80047212A /* Assets.xcassets */; };
		3D0E23B3224F1BF80047212A /* LaunchScreen.storyboard in Resources */ = {isa = PBXBuildFile; fileRef = 3D0E23B1224F1BF80047212A /* LaunchScreen.storyboard */; };
		3D0E23BB224F1CDF0047212A /* .gitignore in Resources */ = {isa = PBXBuildFile; fileRef = 3D0E23BA224F1CDF0047212A /* .gitignore */; };
		BA9557C0225F9482004E079A /* ListDetailViewController.swift in Sources */ = {isa = PBXBuildFile; fileRef = BA9557BF225F9482004E079A /* ListDetailViewController.swift */; };
		BA9557C2225FABEB004E079A /* DataModel.swift in Sources */ = {isa = PBXBuildFile; fileRef = BA9557C1225FABEB004E079A /* DataModel.swift */; };
		BAF9F81B225E433400404D1D /* ChecklistItem.swift in Sources */ = {isa = PBXBuildFile; fileRef = BAF9F81A225E433400404D1D /* ChecklistItem.swift */; };
		BAF9F81D225E5A5E00404D1D /* ItemDetailViewController.swift in Sources */ = {isa = PBXBuildFile; fileRef = BAF9F81C225E5A5E00404D1D /* ItemDetailViewController.swift */; };
		BAF9F81F225F874600404D1D /* AllListsViewController.swift in Sources */ = {isa = PBXBuildFile; fileRef = BAF9F81E225F874600404D1D /* AllListsViewController.swift */; };
		BAF9F821225F8C3400404D1D /* Checklist.swift in Sources */ = {isa = PBXBuildFile; fileRef = BAF9F820225F8C3400404D1D /* Checklist.swift */; };
/* End PBXBuildFile section */

/* Begin PBXFileReference section */
		3D0E23A5224F1BF70047212A /* Checklists.app */ = {isa = PBXFileReference; explicitFileType = wrapper.application; includeInIndex = 0; path = Checklists.app; sourceTree = BUILT_PRODUCTS_DIR; };
		3D0E23A8224F1BF70047212A /* AppDelegate.swift */ = {isa = PBXFileReference; lastKnownFileType = sourcecode.swift; path = AppDelegate.swift; sourceTree = "<group>"; };
		3D0E23AA224F1BF70047212A /* ChecklistViewController.swift */ = {isa = PBXFileReference; lastKnownFileType = sourcecode.swift; path = ChecklistViewController.swift; sourceTree = "<group>"; };
		3D0E23AD224F1BF70047212A /* Base */ = {isa = PBXFileReference; lastKnownFileType = file.storyboard; name = Base; path = Base.lproj/Main.storyboard; sourceTree = "<group>"; };
		3D0E23AF224F1BF80047212A /* Assets.xcassets */ = {isa = PBXFileReference; lastKnownFileType = folder.assetcatalog; path = Assets.xcassets; sourceTree = "<group>"; };
		3D0E23B2224F1BF80047212A /* Base */ = {isa = PBXFileReference; lastKnownFileType = file.storyboard; name = Base; path = Base.lproj/LaunchScreen.storyboard; sourceTree = "<group>"; };
		3D0E23B4224F1BF80047212A /* Info.plist */ = {isa = PBXFileReference; lastKnownFileType = text.plist.xml; path = Info.plist; sourceTree = "<group>"; };
		3D0E23BA224F1CDF0047212A /* .gitignore */ = {isa = PBXFileReference; lastKnownFileType = text; path = .gitignore; sourceTree = "<group>"; };
		BA9557BF225F9482004E079A /* ListDetailViewController.swift */ = {isa = PBXFileReference; lastKnownFileType = sourcecode.swift; path = ListDetailViewController.swift; sourceTree = "<group>"; };
		BA9557C1225FABEB004E079A /* DataModel.swift */ = {isa = PBXFileReference; lastKnownFileType = sourcecode.swift; path = DataModel.swift; sourceTree = "<group>"; };
		BAF9F81A225E433400404D1D /* ChecklistItem.swift */ = {isa = PBXFileReference; lastKnownFileType = sourcecode.swift; path = ChecklistItem.swift; sourceTree = "<group>"; };
		BAF9F81C225E5A5E00404D1D /* ItemDetailViewController.swift */ = {isa = PBXFileReference; lastKnownFileType = sourcecode.swift; path = ItemDetailViewController.swift; sourceTree = "<group>"; };
		BAF9F81E225F874600404D1D /* AllListsViewController.swift */ = {isa = PBXFileReference; lastKnownFileType = sourcecode.swift; path = AllListsViewController.swift; sourceTree = "<group>"; };
		BAF9F820225F8C3400404D1D /* Checklist.swift */ = {isa = PBXFileReference; lastKnownFileType = sourcecode.swift; path = Checklist.swift; sourceTree = "<group>"; };
/* End PBXFileReference section */

/* Begin PBXFrameworksBuildPhase section */
		3D0E23A2224F1BF70047212A /* Frameworks */ = {
			isa = PBXFrameworksBuildPhase;
			buildActionMask = 2147483647;
			files = (
			);
			runOnlyForDeploymentPostprocessing = 0;
		};
/* End PBXFrameworksBuildPhase section */

/* Begin PBXGroup section */
		3D0E239C224F1BF70047212A = {
			isa = PBXGroup;
			children = (
				3D0E23BA224F1CDF0047212A /* .gitignore */,
				3D0E23A7224F1BF70047212A /* Checklists */,
				3D0E23A6224F1BF70047212A /* Products */,
			);
			sourceTree = "<group>";
		};
		3D0E23A6224F1BF70047212A /* Products */ = {
			isa = PBXGroup;
			children = (
				3D0E23A5224F1BF70047212A /* Checklists.app */,
			);
			name = Products;
			sourceTree = "<group>";
		};
		3D0E23A7224F1BF70047212A /* Checklists */ = {
			isa = PBXGroup;
			children = (
				3D0E23A8224F1BF70047212A /* AppDelegate.swift */,
				3D0E23AA224F1BF70047212A /* ChecklistViewController.swift */,
				BAF9F81A225E433400404D1D /* ChecklistItem.swift */,
				3D0E23AC224F1BF70047212A /* Main.storyboard */,
				BAF9F81C225E5A5E00404D1D /* ItemDetailViewController.swift */,
				3D0E23AF224F1BF80047212A /* Assets.xcassets */,
				3D0E23B1224F1BF80047212A /* LaunchScreen.storyboard */,
				3D0E23B4224F1BF80047212A /* Info.plist */,
				BAF9F81E225F874600404D1D /* AllListsViewController.swift */,
				BAF9F820225F8C3400404D1D /* Checklist.swift */,
				BA9557BF225F9482004E079A /* ListDetailViewController.swift */,
				BA9557C1225FABEB004E079A /* DataModel.swift */,
			);
			path = Checklists;
			sourceTree = "<group>";
		};
/* End PBXGroup section */

/* Begin PBXNativeTarget section */
		3D0E23A4224F1BF70047212A /* Checklists */ = {
			isa = PBXNativeTarget;
			buildConfigurationList = 3D0E23B7224F1BF80047212A /* Build configuration list for PBXNativeTarget "Checklists" */;
			buildPhases = (
				3D0E23A1224F1BF70047212A /* Sources */,
				3D0E23A2224F1BF70047212A /* Frameworks */,
				3D0E23A3224F1BF70047212A /* Resources */,
			);
			buildRules = (
			);
			dependencies = (
			);
			name = Checklists;
			productName = Checklists;
			productReference = 3D0E23A5224F1BF70047212A /* Checklists.app */;
			productType = "com.apple.product-type.application";
		};
/* End PBXNativeTarget section */

/* Begin PBXProject section */
		3D0E239D224F1BF70047212A /* Project object */ = {
			isa = PBXProject;
			attributes = {
				LastSwiftUpdateCheck = 1020;
				LastUpgradeCheck = 1020;
				ORGANIZATIONNAME = "Myoung-Wan Koo";
				TargetAttributes = {
					3D0E23A4224F1BF70047212A = {
						CreatedOnToolsVersion = 10.2;
					};
				};
			};
			buildConfigurationList = 3D0E23A0224F1BF70047212A /* Build configuration list for PBXProject "Checklists" */;
			compatibilityVersion = "Xcode 9.3";
			developmentRegion = en;
			hasScannedForEncodings = 0;
			knownRegions = (
				en,
				Base,
			);
			mainGroup = 3D0E239C224F1BF70047212A;
			productRefGroup = 3D0E23A6224F1BF70047212A /* Products */;
			projectDirPath = "";
			projectRoot = "";
			targets = (
				3D0E23A4224F1BF70047212A /* Checklists */,
			);
		};
/* End PBXProject section */

/* Begin PBXResourcesBuildPhase section */
		3D0E23A3224F1BF70047212A /* Resources */ = {
			isa = PBXResourcesBuildPhase;
			buildActionMask = 2147483647;
			files = (
				3D0E23BB224F1CDF0047212A /* .gitignore in Resources */,
				3D0E23B3224F1BF80047212A /* LaunchScreen.storyboard in Resources */,
				3D0E23B0224F1BF80047212A /* Assets.xcassets in Resources */,
				3D0E23AE224F1BF70047212A /* Main.storyboard in Resources */,
			);
			runOnlyForDeploymentPostprocessing = 0;
		};
/* End PBXResourcesBuildPhase section */

/* Begin PBXSourcesBuildPhase section */
		3D0E23A1224F1BF70047212A /* Sources */ = {
			isa = PBXSourcesBuildPhase;
			buildActionMask = 2147483647;
			files = (
				3D0E23AB224F1BF70047212A /* ChecklistViewController.swift in Sources */,
				BA9557C0225F9482004E079A /* ListDetailViewController.swift in Sources */,
				BAF9F81D225E5A5E00404D1D /* ItemDetailViewController.swift in Sources */,
				BAF9F821225F8C3400404D1D /* Checklist.swift in Sources */,
				BAF9F81B225E433400404D1D /* ChecklistItem.swift in Sources */,
				BA9557C2225FABEB004E079A /* DataModel.swift in Sources */,
				BAF9F81F225F874600404D1D /* AllListsViewController.swift in Sources */,
				3D0E23A9224F1BF70047212A /* AppDelegate.swift in Sources */,
			);
			runOnlyForDeploymentPostprocessing = 0;
		};
/* End PBXSourcesBuildPhase section */

/* Begin PBXVariantGroup section */
		3D0E23AC224F1BF70047212A /* Main.storyboard */ = {
			isa = PBXVariantGroup;
			children = (
				3D0E23AD224F1BF70047212A /* Base */,
			);
			name = Main.storyboard;
			sourceTree = "<group>";
		};
		3D0E23B1224F1BF80047212A /* LaunchScreen.storyboard */ = {
			isa = PBXVariantGroup;
			children = (
				3D0E23B2224F1BF80047212A /* Base */,
			);
			name = LaunchScreen.storyboard;
			sourceTree = "<group>";
		};
/* End PBXVariantGroup section */

/* Begin XCBuildConfiguration section */
		3D0E23B5224F1BF80047212A /* Debug */ = {
			isa = XCBuildConfiguration;
			buildSettings = {
				ALWAYS_SEARCH_USER_PATHS = NO;
				CLANG_ANALYZER_NONNULL = YES;
				CLANG_ANALYZER_NUMBER_OBJECT_CONVERSION = YES_AGGRESSIVE;
				CLANG_CXX_LANGUAGE_STANDARD = "gnu++14";
				CLANG_CXX_LIBRARY = "libc++";
				CLANG_ENABLE_MODULES = YES;
				CLANG_ENABLE_OBJC_ARC = YES;
				CLANG_ENABLE_OBJC_WEAK = YES;
				CLANG_WARN_BLOCK_CAPTURE_AUTORELEASING = YES;
				CLANG_WARN_BOOL_CONVERSION = YES;
				CLANG_WARN_COMMA = YES;
				CLANG_WARN_CONSTANT_CONVERSION = YES;
				CLANG_WARN_DEPRECATED_OBJC_IMPLEMENTATIONS = YES;
				CLANG_WARN_DIRECT_OBJC_ISA_USAGE = YES_ERROR;
				CLANG_WARN_DOCUMENTATION_COMMENTS = YES;
				CLANG_WARN_EMPTY_BODY = YES;
				CLANG_WARN_ENUM_CONVERSION = YES;
				CLANG_WARN_INFINITE_RECURSION = YES;
				CLANG_WARN_INT_CONVERSION = YES;
				CLANG_WARN_NON_LITERAL_NULL_CONVERSION = YES;
				CLANG_WARN_OBJC_IMPLICIT_RETAIN_SELF = YES;
				CLANG_WARN_OBJC_LITERAL_CONVERSION = YES;
				CLANG_WARN_OBJC_ROOT_CLASS = YES_ERROR;
				CLANG_WARN_RANGE_LOOP_ANALYSIS = YES;
				CLANG_WARN_STRICT_PROTOTYPES = YES;
				CLANG_WARN_SUSPICIOUS_MOVE = YES;
				CLANG_WARN_UNGUARDED_AVAILABILITY = YES_AGGRESSIVE;
				CLANG_WARN_UNREACHABLE_CODE = YES;
				CLANG_WARN__DUPLICATE_METHOD_MATCH = YES;
				CODE_SIGN_IDENTITY = "iPhone Developer";
				COPY_PHASE_STRIP = NO;
				DEBUG_INFORMATION_FORMAT = dwarf;
				ENABLE_STRICT_OBJC_MSGSEND = YES;
				ENABLE_TESTABILITY = YES;
				GCC_C_LANGUAGE_STANDARD = gnu11;
				GCC_DYNAMIC_NO_PIC = NO;
				GCC_NO_COMMON_BLOCKS = YES;
				GCC_OPTIMIZATION_LEVEL = 0;
				GCC_PREPROCESSOR_DEFINITIONS = (
					"DEBUG=1",
					"$(inherited)",
				);
				GCC_WARN_64_TO_32_BIT_CONVERSION = YES;
				GCC_WARN_ABOUT_RETURN_TYPE = YES_ERROR;
				GCC_WARN_UNDECLARED_SELECTOR = YES;
				GCC_WARN_UNINITIALIZED_AUTOS = YES_AGGRESSIVE;
				GCC_WARN_UNUSED_FUNCTION = YES;
				GCC_WARN_UNUSED_VARIABLE = YES;
				IPHONEOS_DEPLOYMENT_TARGET = 12.2;
				MTL_ENABLE_DEBUG_INFO = INCLUDE_SOURCE;
				MTL_FAST_MATH = YES;
				ONLY_ACTIVE_ARCH = YES;
				SDKROOT = iphoneos;
				SWIFT_ACTIVE_COMPILATION_CONDITIONS = DEBUG;
				SWIFT_OPTIMIZATION_LEVEL = "-Onone";
			};
			name = Debug;
		};
		3D0E23B6224F1BF80047212A /* Release */ = {
			isa = XCBuildConfiguration;
			buildSettings = {
				ALWAYS_SEARCH_USER_PATHS = NO;
				CLANG_ANALYZER_NONNULL = YES;
				CLANG_ANALYZER_NUMBER_OBJECT_CONVERSION = YES_AGGRESSIVE;
				CLANG_CXX_LANGUAGE_STANDARD = "gnu++14";
				CLANG_CXX_LIBRARY = "libc++";
				CLANG_ENABLE_MODULES = YES;
				CLANG_ENABLE_OBJC_ARC = YES;
				CLANG_ENABLE_OBJC_WEAK = YES;
				CLANG_WARN_BLOCK_CAPTURE_AUTORELEASING = YES;
				CLANG_WARN_BOOL_CONVERSION = YES;
				CLANG_WARN_COMMA = YES;
				CLANG_WARN_CONSTANT_CONVERSION = YES;
				CLANG_WARN_DEPRECATED_OBJC_IMPLEMENTATIONS = YES;
				CLANG_WARN_DIRECT_OBJC_ISA_USAGE = YES_ERROR;
				CLANG_WARN_DOCUMENTATION_COMMENTS = YES;
				CLANG_WARN_EMPTY_BODY = YES;
				CLANG_WARN_ENUM_CONVERSION = YES;
				CLANG_WARN_INFINITE_RECURSION = YES;
				CLANG_WARN_INT_CONVERSION = YES;
				CLANG_WARN_NON_LITERAL_NULL_CONVERSION = YES;
				CLANG_WARN_OBJC_IMPLICIT_RETAIN_SELF = YES;
				CLANG_WARN_OBJC_LITERAL_CONVERSION = YES;
				CLANG_WARN_OBJC_ROOT_CLASS = YES_ERROR;
				CLANG_WARN_RANGE_LOOP_ANALYSIS = YES;
				CLANG_WARN_STRICT_PROTOTYPES = YES;
				CLANG_WARN_SUSPICIOUS_MOVE = YES;
				CLANG_WARN_UNGUARDED_AVAILABILITY = YES_AGGRESSIVE;
				CLANG_WARN_UNREACHABLE_CODE = YES;
				CLANG_WARN__DUPLICATE_METHOD_MATCH = YES;
				CODE_SIGN_IDENTITY = "iPhone Developer";
				COPY_PHASE_STRIP = NO;
				DEBUG_INFORMATION_FORMAT = "dwarf-with-dsym";
				ENABLE_NS_ASSERTIONS = NO;
				ENABLE_STRICT_OBJC_MSGSEND = YES;
				GCC_C_LANGUAGE_STANDARD = gnu11;
				GCC_NO_COMMON_BLOCKS = YES;
				GCC_WARN_64_TO_32_BIT_CONVERSION = YES;
				GCC_WARN_ABOUT_RETURN_TYPE = YES_ERROR;
				GCC_WARN_UNDECLARED_SELECTOR = YES;
				GCC_WARN_UNINITIALIZED_AUTOS = YES_AGGRESSIVE;
				GCC_WARN_UNUSED_FUNCTION = YES;
				GCC_WARN_UNUSED_VARIABLE = YES;
				IPHONEOS_DEPLOYMENT_TARGET = 12.2;
				MTL_ENABLE_DEBUG_INFO = NO;
				MTL_FAST_MATH = YES;
				SDKROOT = iphoneos;
				SWIFT_COMPILATION_MODE = wholemodule;
				SWIFT_OPTIMIZATION_LEVEL = "-O";
				VALIDATE_PRODUCT = YES;
			};
			name = Release;
		};
		3D0E23B8224F1BF80047212A /* Debug */ = {
			isa = XCBuildConfiguration;
			buildSettings = {
				ASSETCATALOG_COMPILER_APPICON_NAME = AppIcon;
				CODE_SIGN_STYLE = Automatic;
				DEVELOPMENT_TEAM = 3Y3Z2Z567H;
				INFOPLIST_FILE = Checklists/Info.plist;
				IPHONEOS_DEPLOYMENT_TARGET = 12.2;
				LD_RUNPATH_SEARCH_PATHS = (
					"$(inherited)",
					"@executable_path/Frameworks",
				);
				PRODUCT_BUNDLE_IDENTIFIER = kr.ac.sogang.cscp2.prof.Checklists;
				PRODUCT_NAME = "$(TARGET_NAME)";
				SWIFT_VERSION = 5.0;
				TARGETED_DEVICE_FAMILY = "1,2";
			};
			name = Debug;
		};
		3D0E23B9224F1BF80047212A /* Release */ = {
			isa = XCBuildConfiguration;
			buildSettings = {
				ASSETCATALOG_COMPILER_APPICON_NAME = AppIcon;
				CODE_SIGN_STYLE = Automatic;
				DEVELOPMENT_TEAM = 3Y3Z2Z567H;
				INFOPLIST_FILE = Checklists/Info.plist;
				IPHONEOS_DEPLOYMENT_TARGET = 12.2;
				LD_RUNPATH_SEARCH_PATHS = (
					"$(inherited)",
					"@executable_path/Frameworks",
				);
				PRODUCT_BUNDLE_IDENTIFIER = kr.ac.sogang.cscp2.prof.Checklists;
				PRODUCT_NAME = "$(TARGET_NAME)";
				SWIFT_VERSION = 5.0;
				TARGETED_DEVICE_FAMILY = "1,2";
			};
			name = Release;
		};
/* End XCBuildConfiguration section */

/* Begin XCConfigurationList section */
		3D0E23A0224F1BF70047212A /* Build configuration list for PBXProject "Checklists" */ = {
			isa = XCConfigurationList;
			buildConfigurations = (
				3D0E23B5224F1BF80047212A /* Debug */,
				3D0E23B6224F1BF80047212A /* Release */,
			);
			defaultConfigurationIsVisible = 0;
			defaultConfigurationName = Release;
		};
		3D0E23B7224F1BF80047212A /* Build configuration list for PBXNativeTarget "Checklists" */ = {
			isa = XCConfigurationList;
			buildConfigurations = (
				3D0E23B8224F1BF80047212A /* Debug */,
				3D0E23B9224F1BF80047212A /* Release */,
			);
			defaultConfigurationIsVisible = 0;
			defaultConfigurationName = Release;
		};
/* End XCConfigurationList section */
	};
	rootObject = 3D0E239D224F1BF70047212A /* Project object */;
}
